
Microsoft Visual Studio Solution File, Format Version 12.00
# Visual Studio Version 16
VisualStudioVersion = 16.0.30204.135
MinimumVisualStudioVersion = 10.0.40219.1
Project("{9A19103F-16F7-4668-BE54-9A1E7A4F7556}") = "Serilog.Enrichers", "Serilog.Enricher.CorrelationId\Serilog.Enrichers.csproj", "{8F9063BB-871C-40C8-A7D1-5B3ACDD380BA}"
EndProject
Project("{9A19103F-16F7-4668-BE54-9A1E7A4F7556}") = "SharedModels", "SharedModels\SharedModels.csproj", "{7E709066-7BC7-4090-B465-4C703503BE71}"
EndProject
Project("{9A19103F-16F7-4668-BE54-9A1E7A4F7556}") = "authprofiles", "authprofiles\authprofiles.csproj", "{46DF0019-7E66-492E-ADB3-967439A3E02C}"
EndProject
Project("{9A19103F-16F7-4668-BE54-9A1E7A4F7556}") = "jsonplaceholder.service", "jsonplaceholder.service\jsonplaceholder.service.csproj", "{C6FC3727-53BA-4E17-9B6C-EEFC833F1FA1}"
EndProject
Project("{9A19103F-16F7-4668-BE54-9A1E7A4F7556}") = "Common", "Common\Common.csproj", "{E1FFC97F-FF20-410A-AC4D-7B4AE8F00FEE}"
EndProject
Project("{9A19103F-16F7-4668-BE54-9A1E7A4F7556}") = "oauth2.helpers", "oauth2.helpers\oauth2.helpers.csproj", "{098BA9A5-F83F-456B-8598-E682E9D0A4B5}"
EndProject
Project("{9A19103F-16F7-4668-BE54-9A1E7A4F7556}") = "InMemoryIdentityApp", "InMemoryIdentityApp\InMemoryIdentityApp.csproj", "{C482CE8C-8C8A-462C-B2F9-2B2C68293FB6}"
EndProject
Global
	GlobalSection(SolutionConfigurationPlatforms) = preSolution
		Debug|Any CPU = Debug|Any CPU
		Release|Any CPU = Release|Any CPU
	EndGlobalSection
	GlobalSection(ProjectConfigurationPlatforms) = postSolution
		{8F9063BB-871C-40C8-A7D1-5B3ACDD380BA}.Debug|Any CPU.ActiveCfg = Debug|Any CPU
		{8F9063BB-871C-40C8-A7D1-5B3ACDD380BA}.Debug|Any CPU.Build.0 = Debug|Any CPU
		{8F9063BB-871C-40C8-A7D1-5B3ACDD380BA}.Release|Any CPU.ActiveCfg = Release|Any CPU
		{8F9063BB-871C-40C8-A7D1-5B3ACDD380BA}.Release|Any CPU.Build.0 = Release|Any CPU
		{7E709066-7BC7-4090-B465-4C703503BE71}.Debug|Any CPU.ActiveCfg = Debug|Any CPU
		{7E709066-7BC7-4090-B465-4C703503BE71}.Debug|Any CPU.Build.0 = Debug|Any CPU
		{7E709066-7BC7-4090-B465-4C703503BE71}.Release|Any CPU.ActiveCfg = Release|Any CPU
		{7E709066-7BC7-4090-B465-4C703503BE71}.Release|Any CPU.Build.0 = Release|Any CPU
		{46DF0019-7E66-492E-ADB3-967439A3E02C}.Debug|Any CPU.ActiveCfg = Debug|Any CPU
		{46DF0019-7E66-492E-ADB3-967439A3E02C}.Debug|Any CPU.Build.0 = Debug|Any CPU
		{46DF0019-7E66-492E-ADB3-967439A3E02C}.Release|Any CPU.ActiveCfg = Release|Any CPU
		{46DF0019-7E66-492E-ADB3-967439A3E02C}.Release|Any CPU.Build.0 = Release|Any CPU
		{C6FC3727-53BA-4E17-9B6C-EEFC833F1FA1}.Debug|Any CPU.ActiveCfg = Debug|Any CPU
		{C6FC3727-53BA-4E17-9B6C-EEFC833F1FA1}.Debug|Any CPU.Build.0 = Debug|Any CPU
		{C6FC3727-53BA-4E17-9B6C-EEFC833F1FA1}.Release|Any CPU.ActiveCfg = Release|Any CPU
		{C6FC3727-53BA-4E17-9B6C-EEFC833F1FA1}.Release|Any CPU.Build.0 = Release|Any CPU
		{E1FFC97F-FF20-410A-AC4D-7B4AE8F00FEE}.Debug|Any CPU.ActiveCfg = Debug|Any CPU
		{E1FFC97F-FF20-410A-AC4D-7B4AE8F00FEE}.Debug|Any CPU.Build.0 = Debug|Any CPU
		{E1FFC97F-FF20-410A-AC4D-7B4AE8F00FEE}.Release|Any CPU.ActiveCfg = Release|Any CPU
		{E1FFC97F-FF20-410A-AC4D-7B4AE8F00FEE}.Release|Any CPU.Build.0 = Release|Any CPU
		{098BA9A5-F83F-456B-8598-E682E9D0A4B5}.Debug|Any CPU.ActiveCfg = Debug|Any CPU
		{098BA9A5-F83F-456B-8598-E682E9D0A4B5}.Debug|Any CPU.Build.0 = Debug|Any CPU
		{098BA9A5-F83F-456B-8598-E682E9D0A4B5}.Release|Any CPU.ActiveCfg = Release|Any CPU
		{098BA9A5-F83F-456B-8598-E682E9D0A4B5}.Release|Any CPU.Build.0 = Release|Any CPU
		{C482CE8C-8C8A-462C-B2F9-2B2C68293FB6}.Debug|Any CPU.ActiveCfg = Debug|Any CPU
		{C482CE8C-8C8A-462C-B2F9-2B2C68293FB6}.Debug|Any CPU.Build.0 = Debug|Any CPU
		{C482CE8C-8C8A-462C-B2F9-2B2C68293FB6}.Release|Any CPU.ActiveCfg = Release|Any CPU
		{C482CE8C-8C8A-462C-B2F9-2B2C68293FB6}.Release|Any CPU.Build.0 = Release|Any CPU
	EndGlobalSection
	GlobalSection(SolutionProperties) = preSolution
		HideSolutionNode = FALSE
	EndGlobalSection
	GlobalSection(ExtensibilityGlobals) = postSolution
		SolutionGuid = {BDEC8A78-7537-4565-9D55-B7271F1E05D8}
	EndGlobalSection
EndGlobal
